
Microsoft Visual Studio Solution File, Format Version 10.00
# Visual C# Express 2008
Project("{FAE04EC0-301F-11D3-BF4B-00C04F79EFBC}") = "Galmun_V2", "Galmun_V2\Galmun_V2.csproj", "{F7F05C22-E0AD-402C-805F-61C87845E36D}"
EndProject
Global
	GlobalSection(SolutionConfigurationPlatforms) = preSolution
		Debug|Any CPU = Debug|Any CPU
		Release|Any CPU = Release|Any CPU
	EndGlobalSection
	GlobalSection(ProjectConfigurationPlatforms) = postSolution
		{F7F05C22-E0AD-402C-805F-61C87845E36D}.Debug|Any CPU.ActiveCfg = Debug|Any CPU
		{F7F05C22-E0AD-402C-805F-61C87845E36D}.Debug|Any CPU.Build.0 = Debug|Any CPU
		{F7F05C22-E0AD-402C-805F-61C87845E36D}.Release|Any CPU.ActiveCfg = Release|Any CPU
		{F7F05C22-E0AD-402C-805F-61C87845E36D}.Release|Any CPU.Build.0 = Release|Any CPU
	EndGlobalSection
	GlobalSection(SolutionProperties) = preSolution
		HideSolutionNode = FALSE
	EndGlobalSection
EndGlobal
